
Microsoft Visual Studio Solution File, Format Version 12.00
Project("{FAE04EC0-301F-11D3-BF4B-00C04F79EFBC}") = "C43-G03-OOP02", "C43-G03-OOP02\C43-G03-OOP02.csproj", "{3FAF41C0-3DC8-4897-9CD3-CF8180201565}"
EndProject
Global
	GlobalSection(SolutionConfigurationPlatforms) = preSolution
		Debug|Any CPU = Debug|Any CPU
		Release|Any CPU = Release|Any CPU
	EndGlobalSection
	GlobalSection(ProjectConfigurationPlatforms) = postSolution
		{3FAF41C0-3DC8-4897-9CD3-CF8180201565}.Debug|Any CPU.ActiveCfg = Debug|Any CPU
		{3FAF41C0-3DC8-4897-9CD3-CF8180201565}.Debug|Any CPU.Build.0 = Debug|Any CPU
		{3FAF41C0-3DC8-4897-9CD3-CF8180201565}.Release|Any CPU.ActiveCfg = Release|Any CPU
		{3FAF41C0-3DC8-4897-9CD3-CF8180201565}.Release|Any CPU.Build.0 = Release|Any CPU
	EndGlobalSection
EndGlobal
